
Microsoft Visual Studio Solution File, Format Version 12.00
# Visual Studio Version 17
VisualStudioVersion = 17.9.34728.123
MinimumVisualStudioVersion = 10.0.40219.1
Project("{FAE04EC0-301F-11D3-BF4B-00C04F79EFBC}") = "Todo_Blazor", "Todo_Blazor\Todo_Blazor.csproj", "{0BCC197A-5EB1-4B85-9764-4A61766F35D6}"
EndProject
Global
	GlobalSection(SolutionConfigurationPlatforms) = preSolution
		Debug|Any CPU = Debug|Any CPU
		Release|Any CPU = Release|Any CPU
	EndGlobalSection
	GlobalSection(ProjectConfigurationPlatforms) = postSolution
		{0BCC197A-5EB1-4B85-9764-4A61766F35D6}.Debug|Any CPU.ActiveCfg = Debug|Any CPU
		{0BCC197A-5EB1-4B85-9764-4A61766F35D6}.Debug|Any CPU.Build.0 = Debug|Any CPU
		{0BCC197A-5EB1-4B85-9764-4A61766F35D6}.Release|Any CPU.ActiveCfg = Release|Any CPU
		{0BCC197A-5EB1-4B85-9764-4A61766F35D6}.Release|Any CPU.Build.0 = Release|Any CPU
	EndGlobalSection
	GlobalSection(SolutionProperties) = preSolution
		HideSolutionNode = FALSE
	EndGlobalSection
	GlobalSection(ExtensibilityGlobals) = postSolution
		SolutionGuid = {39F61B4A-5FF1-48EA-9855-A5BB4EE09301}
	EndGlobalSection
EndGlobal
