
Microsoft Visual Studio Solution File, Format Version 12.00
# Visual Studio Version 17
VisualStudioVersion = 17.9.34728.123
MinimumVisualStudioVersion = 10.0.40219.1
Project("{9A19103F-16F7-4668-BE54-9A1E7A4F7556}") = "Todo_Blazor", "Todo_Blazor\Todo_Blazor.csproj", "{0BCC197A-5EB1-4B85-9764-4A61766F35D6}"
EndProject
Project("{9A19103F-16F7-4668-BE54-9A1E7A4F7556}") = "TodoAPI", "TodoAPI\TodoAPI.csproj", "{93F589BB-1D07-4FDC-87C9-534DE446CFA9}"
EndProject
Project("{FAE04EC0-301F-11D3-BF4B-00C04F79EFBC}") = "UnitTest_TodoAPI", "UnitTest_TodoAPI\UnitTest_TodoAPI.csproj", "{41A50CF2-7478-4168-AEC7-44F20DDBF8DC}"
EndProject
Global
	GlobalSection(SolutionConfigurationPlatforms) = preSolution
		Debug|Any CPU = Debug|Any CPU
		Release|Any CPU = Release|Any CPU
	EndGlobalSection
	GlobalSection(ProjectConfigurationPlatforms) = postSolution
		{0BCC197A-5EB1-4B85-9764-4A61766F35D6}.Debug|Any CPU.ActiveCfg = Debug|Any CPU
		{0BCC197A-5EB1-4B85-9764-4A61766F35D6}.Debug|Any CPU.Build.0 = Debug|Any CPU
		{0BCC197A-5EB1-4B85-9764-4A61766F35D6}.Release|Any CPU.ActiveCfg = Release|Any CPU
		{0BCC197A-5EB1-4B85-9764-4A61766F35D6}.Release|Any CPU.Build.0 = Release|Any CPU
		{93F589BB-1D07-4FDC-87C9-534DE446CFA9}.Debug|Any CPU.ActiveCfg = Debug|Any CPU
		{93F589BB-1D07-4FDC-87C9-534DE446CFA9}.Debug|Any CPU.Build.0 = Debug|Any CPU
		{93F589BB-1D07-4FDC-87C9-534DE446CFA9}.Release|Any CPU.ActiveCfg = Release|Any CPU
		{93F589BB-1D07-4FDC-87C9-534DE446CFA9}.Release|Any CPU.Build.0 = Release|Any CPU
		{41A50CF2-7478-4168-AEC7-44F20DDBF8DC}.Debug|Any CPU.ActiveCfg = Debug|Any CPU
		{41A50CF2-7478-4168-AEC7-44F20DDBF8DC}.Debug|Any CPU.Build.0 = Debug|Any CPU
		{41A50CF2-7478-4168-AEC7-44F20DDBF8DC}.Release|Any CPU.ActiveCfg = Release|Any CPU
		{41A50CF2-7478-4168-AEC7-44F20DDBF8DC}.Release|Any CPU.Build.0 = Release|Any CPU
	EndGlobalSection
	GlobalSection(SolutionProperties) = preSolution
		HideSolutionNode = FALSE
	EndGlobalSection
	GlobalSection(ExtensibilityGlobals) = postSolution
		SolutionGuid = {39F61B4A-5FF1-48EA-9855-A5BB4EE09301}
	EndGlobalSection
EndGlobal
